
Microsoft Visual Studio Solution File, Format Version 12.00
# Visual Studio 15
VisualStudioVersion = 15.0.26228.9
MinimumVisualStudioVersion = 10.0.40219.1
Project("{8BC9CEB8-8B4A-11D0-8D11-00A0C91BC942}") = "3D Mint-chocolate Studio", "3D Mint-chocolate Studio\3D Mint-chocolate Studio.vcxproj", "{CED43F04-AEC8-4E20-B6DE-AC7651880313}"
	ProjectSection(ProjectDependencies) = postProject
		{8BD17558-426D-4F38-A711-624F91CC1FCD} = {8BD17558-426D-4F38-A711-624F91CC1FCD}
		{88EB02CF-2757-4658-A5C2-B3F820CCB86A} = {88EB02CF-2757-4658-A5C2-B3F820CCB86A}
		{70CD2EF2-0AD3-47FF-B778-267B9984E8C4} = {70CD2EF2-0AD3-47FF-B778-267B9984E8C4}
	EndProjectSection
EndProject
Project("{8BC9CEB8-8B4A-11D0-8D11-00A0C91BC942}") = "GLEW", "GLEW\GLEW.vcxproj", "{70CD2EF2-0AD3-47FF-B778-267B9984E8C4}"
EndProject
Project("{8BC9CEB8-8B4A-11D0-8D11-00A0C91BC942}") = "Freetype", "Freetype\Freetype.vcxproj", "{88EB02CF-2757-4658-A5C2-B3F820CCB86A}"
EndProject
Project("{8BC9CEB8-8B4A-11D0-8D11-00A0C91BC942}") = "ZLib", "ZLib\ZLib.vcxproj", "{83B179C6-9B61-409B-8058-C03C76786053}"
EndProject
Project("{8BC9CEB8-8B4A-11D0-8D11-00A0C91BC942}") = "OpenEXR", "OpenEXR\OpenEXR.vcxproj", "{1E52FBCF-146B-4E01-8F1D-985EE500661E}"
	ProjectSection(ProjectDependencies) = postProject
		{83B179C6-9B61-409B-8058-C03C76786053} = {83B179C6-9B61-409B-8058-C03C76786053}
	EndProjectSection
EndProject
Project("{8BC9CEB8-8B4A-11D0-8D11-00A0C91BC942}") = "LibWebP", "LibWebP\LibWebP.vcxproj", "{A565EF27-65C3-4375-89DD-718C6007D9B5}"
EndProject
Project("{8BC9CEB8-8B4A-11D0-8D11-00A0C91BC942}") = "LibTIFF4", "LibTIFF4\LibTIFF4.vcxproj", "{F9D251D9-A4EB-4E87-ACF9-8C3BF2C9D87D}"
	ProjectSection(ProjectDependencies) = postProject
		{9C772322-C9AE-4170-9756-F0BB38D1FB77} = {9C772322-C9AE-4170-9756-F0BB38D1FB77}
		{83B179C6-9B61-409B-8058-C03C76786053} = {83B179C6-9B61-409B-8058-C03C76786053}
	EndProjectSection
EndProject
Project("{8BC9CEB8-8B4A-11D0-8D11-00A0C91BC942}") = "LibRaw", "LibRaw\LibRaw.vcxproj", "{CC22878F-CCBD-4BB8-BAEF-76951AEE1D09}"
	ProjectSection(ProjectDependencies) = postProject
		{9C772322-C9AE-4170-9756-F0BB38D1FB77} = {9C772322-C9AE-4170-9756-F0BB38D1FB77}
	EndProjectSection
EndProject
Project("{8BC9CEB8-8B4A-11D0-8D11-00A0C91BC942}") = "LibPNG", "LibPNG\LibPNG.vcxproj", "{8B2403A8-8731-486B-9D51-1A63FB2EF92B}"
	ProjectSection(ProjectDependencies) = postProject
		{83B179C6-9B61-409B-8058-C03C76786053} = {83B179C6-9B61-409B-8058-C03C76786053}
	EndProjectSection
EndProject
Project("{8BC9CEB8-8B4A-11D0-8D11-00A0C91BC942}") = "LibOpenJPEG", "LibOpenJPEG\LibOpenJPEG.vcxproj", "{595BEFC5-AB1F-48FE-8562-E9F6D80D4033}"
EndProject
Project("{8BC9CEB8-8B4A-11D0-8D11-00A0C91BC942}") = "LibJXR", "LibJXR\LibJXR.vcxproj", "{032AD94B-E642-42B6-A378-B3499BB927F2}"
EndProject
Project("{8BC9CEB8-8B4A-11D0-8D11-00A0C91BC942}") = "LibJPEG", "LibJPEG\LibJPEG.vcxproj", "{9C772322-C9AE-4170-9756-F0BB38D1FB77}"
EndProject
Project("{8BC9CEB8-8B4A-11D0-8D11-00A0C91BC942}") = "FreeImage", "FreeImage\FreeImage.vcxproj", "{8BD17558-426D-4F38-A711-624F91CC1FCD}"
	ProjectSection(ProjectDependencies) = postProject
		{9C772322-C9AE-4170-9756-F0BB38D1FB77} = {9C772322-C9AE-4170-9756-F0BB38D1FB77}
		{A565EF27-65C3-4375-89DD-718C6007D9B5} = {A565EF27-65C3-4375-89DD-718C6007D9B5}
		{032AD94B-E642-42B6-A378-B3499BB927F2} = {032AD94B-E642-42B6-A378-B3499BB927F2}
		{CC22878F-CCBD-4BB8-BAEF-76951AEE1D09} = {CC22878F-CCBD-4BB8-BAEF-76951AEE1D09}
		{8B2403A8-8731-486B-9D51-1A63FB2EF92B} = {8B2403A8-8731-486B-9D51-1A63FB2EF92B}
		{595BEFC5-AB1F-48FE-8562-E9F6D80D4033} = {595BEFC5-AB1F-48FE-8562-E9F6D80D4033}
		{83B179C6-9B61-409B-8058-C03C76786053} = {83B179C6-9B61-409B-8058-C03C76786053}
		{1E52FBCF-146B-4E01-8F1D-985EE500661E} = {1E52FBCF-146B-4E01-8F1D-985EE500661E}
		{F9D251D9-A4EB-4E87-ACF9-8C3BF2C9D87D} = {F9D251D9-A4EB-4E87-ACF9-8C3BF2C9D87D}
	EndProjectSection
EndProject
Global
	GlobalSection(SolutionConfigurationPlatforms) = preSolution
		Debug|x64 = Debug|x64
		Debug|x86 = Debug|x86
		Release|x64 = Release|x64
		Release|x86 = Release|x86
	EndGlobalSection
	GlobalSection(ProjectConfigurationPlatforms) = postSolution
		{CED43F04-AEC8-4E20-B6DE-AC7651880313}.Debug|x64.ActiveCfg = Debug|x64
		{CED43F04-AEC8-4E20-B6DE-AC7651880313}.Debug|x64.Build.0 = Debug|x64
		{CED43F04-AEC8-4E20-B6DE-AC7651880313}.Debug|x86.ActiveCfg = Debug|Win32
		{CED43F04-AEC8-4E20-B6DE-AC7651880313}.Debug|x86.Build.0 = Debug|Win32
		{CED43F04-AEC8-4E20-B6DE-AC7651880313}.Debug|x86.Deploy.0 = Debug|Win32
		{CED43F04-AEC8-4E20-B6DE-AC7651880313}.Release|x64.ActiveCfg = Release|x64
		{CED43F04-AEC8-4E20-B6DE-AC7651880313}.Release|x64.Build.0 = Release|x64
		{CED43F04-AEC8-4E20-B6DE-AC7651880313}.Release|x86.ActiveCfg = Release|Win32
		{CED43F04-AEC8-4E20-B6DE-AC7651880313}.Release|x86.Build.0 = Release|Win32
		{70CD2EF2-0AD3-47FF-B778-267B9984E8C4}.Debug|x64.ActiveCfg = Debug|x64
		{70CD2EF2-0AD3-47FF-B778-267B9984E8C4}.Debug|x64.Build.0 = Debug|x64
		{70CD2EF2-0AD3-47FF-B778-267B9984E8C4}.Debug|x86.ActiveCfg = Debug|Win32
		{70CD2EF2-0AD3-47FF-B778-267B9984E8C4}.Debug|x86.Build.0 = Debug|Win32
		{70CD2EF2-0AD3-47FF-B778-267B9984E8C4}.Release|x64.ActiveCfg = Release|x64
		{70CD2EF2-0AD3-47FF-B778-267B9984E8C4}.Release|x64.Build.0 = Release|x64
		{70CD2EF2-0AD3-47FF-B778-267B9984E8C4}.Release|x86.ActiveCfg = Release|Win32
		{70CD2EF2-0AD3-47FF-B778-267B9984E8C4}.Release|x86.Build.0 = Release|Win32
		{88EB02CF-2757-4658-A5C2-B3F820CCB86A}.Debug|x64.ActiveCfg = Debug|x64
		{88EB02CF-2757-4658-A5C2-B3F820CCB86A}.Debug|x64.Build.0 = Debug|x64
		{88EB02CF-2757-4658-A5C2-B3F820CCB86A}.Debug|x86.ActiveCfg = Debug|Win32
		{88EB02CF-2757-4658-A5C2-B3F820CCB86A}.Debug|x86.Build.0 = Debug|Win32
		{88EB02CF-2757-4658-A5C2-B3F820CCB86A}.Release|x64.ActiveCfg = Release|x64
		{88EB02CF-2757-4658-A5C2-B3F820CCB86A}.Release|x64.Build.0 = Release|x64
		{88EB02CF-2757-4658-A5C2-B3F820CCB86A}.Release|x86.ActiveCfg = Release|Win32
		{88EB02CF-2757-4658-A5C2-B3F820CCB86A}.Release|x86.Build.0 = Release|Win32
		{83B179C6-9B61-409B-8058-C03C76786053}.Debug|x64.ActiveCfg = Debug|x64
		{83B179C6-9B61-409B-8058-C03C76786053}.Debug|x64.Build.0 = Debug|x64
		{83B179C6-9B61-409B-8058-C03C76786053}.Debug|x86.ActiveCfg = Debug|Win32
		{83B179C6-9B61-409B-8058-C03C76786053}.Debug|x86.Build.0 = Debug|Win32
		{83B179C6-9B61-409B-8058-C03C76786053}.Release|x64.ActiveCfg = Release|x64
		{83B179C6-9B61-409B-8058-C03C76786053}.Release|x64.Build.0 = Release|x64
		{83B179C6-9B61-409B-8058-C03C76786053}.Release|x86.ActiveCfg = Release|Win32
		{83B179C6-9B61-409B-8058-C03C76786053}.Release|x86.Build.0 = Release|Win32
		{1E52FBCF-146B-4E01-8F1D-985EE500661E}.Debug|x64.ActiveCfg = Debug|x64
		{1E52FBCF-146B-4E01-8F1D-985EE500661E}.Debug|x64.Build.0 = Debug|x64
		{1E52FBCF-146B-4E01-8F1D-985EE500661E}.Debug|x86.ActiveCfg = Debug|Win32
		{1E52FBCF-146B-4E01-8F1D-985EE500661E}.Debug|x86.Build.0 = Debug|Win32
		{1E52FBCF-146B-4E01-8F1D-985EE500661E}.Release|x64.ActiveCfg = Release|x64
		{1E52FBCF-146B-4E01-8F1D-985EE500661E}.Release|x64.Build.0 = Release|x64
		{1E52FBCF-146B-4E01-8F1D-985EE500661E}.Release|x86.ActiveCfg = Release|Win32
		{1E52FBCF-146B-4E01-8F1D-985EE500661E}.Release|x86.Build.0 = Release|Win32
		{A565EF27-65C3-4375-89DD-718C6007D9B5}.Debug|x64.ActiveCfg = Debug|x64
		{A565EF27-65C3-4375-89DD-718C6007D9B5}.Debug|x64.Build.0 = Debug|x64
		{A565EF27-65C3-4375-89DD-718C6007D9B5}.Debug|x86.ActiveCfg = Debug|Win32
		{A565EF27-65C3-4375-89DD-718C6007D9B5}.Debug|x86.Build.0 = Debug|Win32
		{A565EF27-65C3-4375-89DD-718C6007D9B5}.Release|x64.ActiveCfg = Release|x64
		{A565EF27-65C3-4375-89DD-718C6007D9B5}.Release|x64.Build.0 = Release|x64
		{A565EF27-65C3-4375-89DD-718C6007D9B5}.Release|x86.ActiveCfg = Release|Win32
		{A565EF27-65C3-4375-89DD-718C6007D9B5}.Release|x86.Build.0 = Release|Win32
		{F9D251D9-A4EB-4E87-ACF9-8C3BF2C9D87D}.Debug|x64.ActiveCfg = Debug|x64
		{F9D251D9-A4EB-4E87-ACF9-8C3BF2C9D87D}.Debug|x64.Build.0 = Debug|x64
		{F9D251D9-A4EB-4E87-ACF9-8C3BF2C9D87D}.Debug|x86.ActiveCfg = Debug|Win32
		{F9D251D9-A4EB-4E87-ACF9-8C3BF2C9D87D}.Debug|x86.Build.0 = Debug|Win32
		{F9D251D9-A4EB-4E87-ACF9-8C3BF2C9D87D}.Release|x64.ActiveCfg = Release|x64
		{F9D251D9-A4EB-4E87-ACF9-8C3BF2C9D87D}.Release|x64.Build.0 = Release|x64
		{F9D251D9-A4EB-4E87-ACF9-8C3BF2C9D87D}.Release|x86.ActiveCfg = Release|Win32
		{F9D251D9-A4EB-4E87-ACF9-8C3BF2C9D87D}.Release|x86.Build.0 = Release|Win32
		{CC22878F-CCBD-4BB8-BAEF-76951AEE1D09}.Debug|x64.ActiveCfg = Debug|x64
		{CC22878F-CCBD-4BB8-BAEF-76951AEE1D09}.Debug|x64.Build.0 = Debug|x64
		{CC22878F-CCBD-4BB8-BAEF-76951AEE1D09}.Debug|x86.ActiveCfg = Debug|Win32
		{CC22878F-CCBD-4BB8-BAEF-76951AEE1D09}.Debug|x86.Build.0 = Debug|Win32
		{CC22878F-CCBD-4BB8-BAEF-76951AEE1D09}.Release|x64.ActiveCfg = Release|x64
		{CC22878F-CCBD-4BB8-BAEF-76951AEE1D09}.Release|x64.Build.0 = Release|x64
		{CC22878F-CCBD-4BB8-BAEF-76951AEE1D09}.Release|x86.ActiveCfg = Release|Win32
		{CC22878F-CCBD-4BB8-BAEF-76951AEE1D09}.Release|x86.Build.0 = Release|Win32
		{8B2403A8-8731-486B-9D51-1A63FB2EF92B}.Debug|x64.ActiveCfg = Debug|x64
		{8B2403A8-8731-486B-9D51-1A63FB2EF92B}.Debug|x64.Build.0 = Debug|x64
		{8B2403A8-8731-486B-9D51-1A63FB2EF92B}.Debug|x86.ActiveCfg = Debug|Win32
		{8B2403A8-8731-486B-9D51-1A63FB2EF92B}.Debug|x86.Build.0 = Debug|Win32
		{8B2403A8-8731-486B-9D51-1A63FB2EF92B}.Release|x64.ActiveCfg = Release|x64
		{8B2403A8-8731-486B-9D51-1A63FB2EF92B}.Release|x64.Build.0 = Release|x64
		{8B2403A8-8731-486B-9D51-1A63FB2EF92B}.Release|x86.ActiveCfg = Release|Win32
		{8B2403A8-8731-486B-9D51-1A63FB2EF92B}.Release|x86.Build.0 = Release|Win32
		{595BEFC5-AB1F-48FE-8562-E9F6D80D4033}.Debug|x64.ActiveCfg = Debug|x64
		{595BEFC5-AB1F-48FE-8562-E9F6D80D4033}.Debug|x64.Build.0 = Debug|x64
		{595BEFC5-AB1F-48FE-8562-E9F6D80D4033}.Debug|x86.ActiveCfg = Debug|Win32
		{595BEFC5-AB1F-48FE-8562-E9F6D80D4033}.Debug|x86.Build.0 = Debug|Win32
		{595BEFC5-AB1F-48FE-8562-E9F6D80D4033}.Release|x64.ActiveCfg = Release|x64
		{595BEFC5-AB1F-48FE-8562-E9F6D80D4033}.Release|x64.Build.0 = Release|x64
		{595BEFC5-AB1F-48FE-8562-E9F6D80D4033}.Release|x86.ActiveCfg = Release|Win32
		{595BEFC5-AB1F-48FE-8562-E9F6D80D4033}.Release|x86.Build.0 = Release|Win32
		{032AD94B-E642-42B6-A378-B3499BB927F2}.Debug|x64.ActiveCfg = Debug|x64
		{032AD94B-E642-42B6-A378-B3499BB927F2}.Debug|x64.Build.0 = Debug|x64
		{032AD94B-E642-42B6-A378-B3499BB927F2}.Debug|x86.ActiveCfg = Debug|Win32
		{032AD94B-E642-42B6-A378-B3499BB927F2}.Debug|x86.Build.0 = Debug|Win32
		{032AD94B-E642-42B6-A378-B3499BB927F2}.Release|x64.ActiveCfg = Release|x64
		{032AD94B-E642-42B6-A378-B3499BB927F2}.Release|x64.Build.0 = Release|x64
		{032AD94B-E642-42B6-A378-B3499BB927F2}.Release|x86.ActiveCfg = Release|Win32
		{032AD94B-E642-42B6-A378-B3499BB927F2}.Release|x86.Build.0 = Release|Win32
		{9C772322-C9AE-4170-9756-F0BB38D1FB77}.Debug|x64.ActiveCfg = Debug|x64
		{9C772322-C9AE-4170-9756-F0BB38D1FB77}.Debug|x64.Build.0 = Debug|x64
		{9C772322-C9AE-4170-9756-F0BB38D1FB77}.Debug|x86.ActiveCfg = Debug|Win32
		{9C772322-C9AE-4170-9756-F0BB38D1FB77}.Debug|x86.Build.0 = Debug|Win32
		{9C772322-C9AE-4170-9756-F0BB38D1FB77}.Release|x64.ActiveCfg = Release|x64
		{9C772322-C9AE-4170-9756-F0BB38D1FB77}.Release|x64.Build.0 = Release|x64
		{9C772322-C9AE-4170-9756-F0BB38D1FB77}.Release|x86.ActiveCfg = Release|Win32
		{9C772322-C9AE-4170-9756-F0BB38D1FB77}.Release|x86.Build.0 = Release|Win32
		{8BD17558-426D-4F38-A711-624F91CC1FCD}.Debug|x64.ActiveCfg = Debug|x64
		{8BD17558-426D-4F38-A711-624F91CC1FCD}.Debug|x64.Build.0 = Debug|x64
		{8BD17558-426D-4F38-A711-624F91CC1FCD}.Debug|x86.ActiveCfg = Debug|Win32
		{8BD17558-426D-4F38-A711-624F91CC1FCD}.Debug|x86.Build.0 = Debug|Win32
		{8BD17558-426D-4F38-A711-624F91CC1FCD}.Release|x64.ActiveCfg = Release|x64
		{8BD17558-426D-4F38-A711-624F91CC1FCD}.Release|x64.Build.0 = Release|x64
		{8BD17558-426D-4F38-A711-624F91CC1FCD}.Release|x86.ActiveCfg = Release|Win32
		{8BD17558-426D-4F38-A711-624F91CC1FCD}.Release|x86.Build.0 = Release|Win32
	EndGlobalSection
	GlobalSection(SolutionProperties) = preSolution
		HideSolutionNode = FALSE
	EndGlobalSection
EndGlobal
