<?xml version="1.0" encoding="utf-8"?>
<Project ToolsVersion="4.0" xmlns="http://schemas.microsoft.com/developer/msbuild/2003">
  <ItemGroup>
    <Filter Include="Header Files">
      <UniqueIdentifier>{2e942017-2ec0-4c2e-b677-e109f16230c2}</UniqueIdentifier>
    </Filter>
    <Filter Include="Header Files\common">
      <UniqueIdentifier>{95696c5d-82e4-4a97-ab95-364ae890f478}</UniqueIdentifier>
    </Filter>
    <Filter Include="Header Files\image">
      <UniqueIdentifier>{58110bcd-c6e0-4514-aa34-a0fa8a67f323}</UniqueIdentifier>
    </Filter>
    <Filter Include="Header Files\image\decode">
      <UniqueIdentifier>{af9d48da-d5a9-4d5b-a21d-e2ed0f0bc0e4}</UniqueIdentifier>
    </Filter>
    <Filter Include="Header Files\image\encode">
      <UniqueIdentifier>{539213a4-b57c-4d42-b0c1-e08d6bdefeff}</UniqueIdentifier>
    </Filter>
    <Filter Include="Header Files\image\sys">
      <UniqueIdentifier>{6c3e9216-bb67-4424-b222-b1c53b607c71}</UniqueIdentifier>
    </Filter>
    <Filter Include="Header Files\image\x86">
      <UniqueIdentifier>{47ea17f2-07dd-4137-b4b8-dbc61c8370fc}</UniqueIdentifier>
    </Filter>
    <Filter Include="Header Files\jxrgluelib">
      <UniqueIdentifier>{a2062b45-2ed6-45cd-8204-5ca3ec7918f3}</UniqueIdentifier>
    </Filter>
    <Filter Include="Source Files">
      <UniqueIdentifier>{4de043e3-0e42-490b-91cd-7dfb722d85b2}</UniqueIdentifier>
    </Filter>
    <Filter Include="Source Files\image">
      <UniqueIdentifier>{d17aa22f-3560-41f1-9612-fea87de6c2e0}</UniqueIdentifier>
    </Filter>
    <Filter Include="Source Files\image\decode">
      <UniqueIdentifier>{e88ca504-ad6c-43ef-9a38-5d9ebff9efe7}</UniqueIdentifier>
    </Filter>
    <Filter Include="Source Files\image\encode">
      <UniqueIdentifier>{a11991bb-4a43-4ddc-8c7b-f687105450e4}</UniqueIdentifier>
    </Filter>
    <Filter Include="Source Files\image\sys">
      <UniqueIdentifier>{37b0087a-d092-4148-bead-6a2e2b3724ba}</UniqueIdentifier>
    </Filter>
    <Filter Include="Source Files\jxrgluelib">
      <UniqueIdentifier>{bdb8c9ec-013c-4151-98cb-c796aa03f452}</UniqueIdentifier>
    </Filter>
  </ItemGroup>
  <ItemGroup>
    <ClInclude Include="common\include\guiddef.h">
      <Filter>Header Files\common</Filter>
    </ClInclude>
    <ClInclude Include="common\include\wmsal.h">
      <Filter>Header Files\common</Filter>
    </ClInclude>
    <ClInclude Include="common\include\wmspecstring.h">
      <Filter>Header Files\common</Filter>
    </ClInclude>
    <ClInclude Include="common\include\wmspecstrings_adt.h">
      <Filter>Header Files\common</Filter>
    </ClInclude>
    <ClInclude Include="common\include\wmspecstrings_strict.h">
      <Filter>Header Files\common</Filter>
    </ClInclude>
    <ClInclude Include="common\include\wmspecstrings_undef.h">
      <Filter>Header Files\common</Filter>
    </ClInclude>
    <ClInclude Include="image\decode\decode.h">
      <Filter>Header Files\image\decode</Filter>
    </ClInclude>
    <ClInclude Include="image\encode\encode.h">
      <Filter>Header Files\image\encode</Filter>
    </ClInclude>
    <ClInclude Include="image\sys\ansi.h">
      <Filter>Header Files\image\sys</Filter>
    </ClInclude>
    <ClInclude Include="image\sys\common.h">
      <Filter>Header Files\image\sys</Filter>
    </ClInclude>
    <ClInclude Include="image\sys\perfTimer.h">
      <Filter>Header Files\image\sys</Filter>
    </ClInclude>
    <ClInclude Include="image\sys\strcodec.h">
      <Filter>Header Files\image\sys</Filter>
    </ClInclude>
    <ClInclude Include="image\sys\strTransform.h">
      <Filter>Header Files\image\sys</Filter>
    </ClInclude>
    <ClInclude Include="image\sys\windowsmediaphoto.h">
      <Filter>Header Files\image\sys</Filter>
    </ClInclude>
    <ClInclude Include="image\sys\xplatform_image.h">
      <Filter>Header Files\image\sys</Filter>
    </ClInclude>
    <ClInclude Include="image\x86\x86.h">
      <Filter>Header Files\image\x86</Filter>
    </ClInclude>
    <ClInclude Include="jxrgluelib\JXRGlue.h">
      <Filter>Header Files\jxrgluelib</Filter>
    </ClInclude>
    <ClInclude Include="jxrgluelib\JXRMeta.h">
      <Filter>Header Files\jxrgluelib</Filter>
    </ClInclude>
  </ItemGroup>
  <ItemGroup>
    <ClCompile Include="image\decode\decode.c">
      <Filter>Source Files\image\decode</Filter>
    </ClCompile>
    <ClCompile Include="image\decode\JXRTranscode.c">
      <Filter>Source Files\image\decode</Filter>
    </ClCompile>
    <ClCompile Include="image\decode\postprocess.c">
      <Filter>Source Files\image\decode</Filter>
    </ClCompile>
    <ClCompile Include="image\decode\segdec.c">
      <Filter>Source Files\image\decode</Filter>
    </ClCompile>
    <ClCompile Include="image\decode\strdec.c">
      <Filter>Source Files\image\decode</Filter>
    </ClCompile>
    <ClCompile Include="image\decode\strdec_x86.c">
      <Filter>Source Files\image\decode</Filter>
    </ClCompile>
    <ClCompile Include="image\decode\strInvTransform.c">
      <Filter>Source Files\image\decode</Filter>
    </ClCompile>
    <ClCompile Include="image\decode\strPredQuantDec.c">
      <Filter>Source Files\image\decode</Filter>
    </ClCompile>
    <ClCompile Include="image\encode\encode.c">
      <Filter>Source Files\image\encode</Filter>
    </ClCompile>
    <ClCompile Include="image\encode\segenc.c">
      <Filter>Source Files\image\encode</Filter>
    </ClCompile>
    <ClCompile Include="image\encode\strenc.c">
      <Filter>Source Files\image\encode</Filter>
    </ClCompile>
    <ClCompile Include="image\encode\strenc_x86.c">
      <Filter>Source Files\image\encode</Filter>
    </ClCompile>
    <ClCompile Include="image\encode\strFwdTransform.c">
      <Filter>Source Files\image\encode</Filter>
    </ClCompile>
    <ClCompile Include="image\encode\strPredQuantEnc.c">
      <Filter>Source Files\image\encode</Filter>
    </ClCompile>
    <ClCompile Include="image\sys\adapthuff.c">
      <Filter>Source Files\image\sys</Filter>
    </ClCompile>
    <ClCompile Include="image\sys\image.c">
      <Filter>Source Files\image\sys</Filter>
    </ClCompile>
    <ClCompile Include="image\sys\strcodec.c">
      <Filter>Source Files\image\sys</Filter>
    </ClCompile>
    <ClCompile Include="image\sys\strPredQuant.c">
      <Filter>Source Files\image\sys</Filter>
    </ClCompile>
    <ClCompile Include="image\sys\strTransform.c">
      <Filter>Source Files\image\sys</Filter>
    </ClCompile>
    <ClCompile Include="jxrgluelib\JXRGlue.c">
      <Filter>Source Files\jxrgluelib</Filter>
    </ClCompile>
    <ClCompile Include="jxrgluelib\JXRGlueJxr.c">
      <Filter>Source Files\jxrgluelib</Filter>
    </ClCompile>
    <ClCompile Include="jxrgluelib\JXRGluePFC.c">
      <Filter>Source Files\jxrgluelib</Filter>
    </ClCompile>
    <ClCompile Include="jxrgluelib\JXRMeta.c">
      <Filter>Source Files\jxrgluelib</Filter>
    </ClCompile>
  </ItemGroup>
</Project>