<?xml version="1.0" encoding="utf-8"?>
<Project ToolsVersion="4.0" xmlns="http://schemas.microsoft.com/developer/msbuild/2003">
  <ItemGroup>
    <Filter Include="Header Files">
      <UniqueIdentifier>{35e72a11-ebb0-4745-8989-79c01b6c9705}</UniqueIdentifier>
    </Filter>
    <Filter Include="Source Files">
      <UniqueIdentifier>{1331746b-b60c-46f6-a82a-350a8388b188}</UniqueIdentifier>
    </Filter>
    <Filter Include="Source Files\internal">
      <UniqueIdentifier>{aaa3b27e-531a-4fa4-ae20-399494b47ec5}</UniqueIdentifier>
    </Filter>
    <Filter Include="Source Files\libraw">
      <UniqueIdentifier>{4e89ccbe-157f-4242-90d4-78fe3aec4340}</UniqueIdentifier>
    </Filter>
    <Filter Include="Header Files\internal">
      <UniqueIdentifier>{ace4d384-33ec-43c7-af61-a0102d16c82f}</UniqueIdentifier>
    </Filter>
    <Filter Include="Header Files\libraw">
      <UniqueIdentifier>{a7486048-52b0-448c-8baf-bfe23b909825}</UniqueIdentifier>
    </Filter>
  </ItemGroup>
  <ItemGroup>
    <ClCompile Include="src\libraw_c_api.cpp">
      <Filter>Source Files\libraw</Filter>
    </ClCompile>
    <ClCompile Include="src\libraw_cxx.cpp">
      <Filter>Source Files\libraw</Filter>
    </ClCompile>
    <ClCompile Include="src\libraw_datastream.cpp">
      <Filter>Source Files\libraw</Filter>
    </ClCompile>
    <ClCompile Include="internal\demosaic_packs.cpp">
      <Filter>Source Files\internal</Filter>
    </ClCompile>
    <ClCompile Include="internal\dcraw_fileio.cpp">
      <Filter>Source Files\internal</Filter>
    </ClCompile>
    <ClCompile Include="internal\dcraw_common.cpp">
      <Filter>Source Files\internal</Filter>
    </ClCompile>
  </ItemGroup>
  <ItemGroup>
    <ClInclude Include="libraw\libraw.h">
      <Filter>Header Files\libraw</Filter>
    </ClInclude>
    <ClInclude Include="libraw\libraw_alloc.h">
      <Filter>Header Files\libraw</Filter>
    </ClInclude>
    <ClInclude Include="libraw\libraw_const.h">
      <Filter>Header Files\libraw</Filter>
    </ClInclude>
    <ClInclude Include="libraw\libraw_datastream.h">
      <Filter>Header Files\libraw</Filter>
    </ClInclude>
    <ClInclude Include="libraw\libraw_internal.h">
      <Filter>Header Files\libraw</Filter>
    </ClInclude>
    <ClInclude Include="libraw\libraw_types.h">
      <Filter>Header Files\libraw</Filter>
    </ClInclude>
    <ClInclude Include="libraw\libraw_version.h">
      <Filter>Header Files\libraw</Filter>
    </ClInclude>
    <ClInclude Include="internal\defines.h">
      <Filter>Header Files\internal</Filter>
    </ClInclude>
    <ClInclude Include="internal\libraw_internal_funcs.h">
      <Filter>Header Files\internal</Filter>
    </ClInclude>
    <ClInclude Include="internal\var_defines.h">
      <Filter>Header Files\internal</Filter>
    </ClInclude>
  </ItemGroup>
</Project>