<?xml version="1.0" encoding="utf-8"?>
<Project ToolsVersion="4.0" xmlns="http://schemas.microsoft.com/developer/msbuild/2003">
  <ItemGroup>
    <Filter Include="Header Files">
      <UniqueIdentifier>{7419df7e-3a5c-480e-9afc-813aee96f8a6}</UniqueIdentifier>
    </Filter>
    <Filter Include="Source Files">
      <UniqueIdentifier>{198e0480-f071-4620-8732-a0a94425a81d}</UniqueIdentifier>
    </Filter>
    <Filter Include="Header Files\dec">
      <UniqueIdentifier>{fc4de558-077c-44b5-b331-c532ed118580}</UniqueIdentifier>
    </Filter>
    <Filter Include="Header Files\dsp">
      <UniqueIdentifier>{3e5ac373-7a75-48fe-aa15-e6c0831a7263}</UniqueIdentifier>
    </Filter>
    <Filter Include="Header Files\enc">
      <UniqueIdentifier>{5007c513-9aa8-42c8-8bb9-4dfddaca13d4}</UniqueIdentifier>
    </Filter>
    <Filter Include="Header Files\mux">
      <UniqueIdentifier>{33be7c49-86b5-4cd4-a7b6-c978f712d694}</UniqueIdentifier>
    </Filter>
    <Filter Include="Header Files\utils">
      <UniqueIdentifier>{f4712429-fc8d-47e2-a3a5-a464bec20f8c}</UniqueIdentifier>
    </Filter>
    <Filter Include="Header Files\webp">
      <UniqueIdentifier>{40a25437-e5f2-43df-8e8f-30d85bf0cacc}</UniqueIdentifier>
    </Filter>
    <Filter Include="Source Files\dec">
      <UniqueIdentifier>{b7547175-4730-4603-900d-77ff0027e154}</UniqueIdentifier>
    </Filter>
    <Filter Include="Source Files\demux">
      <UniqueIdentifier>{2861a949-9a03-4398-9ac2-a43d44423f15}</UniqueIdentifier>
    </Filter>
    <Filter Include="Source Files\dsp">
      <UniqueIdentifier>{5302449e-19dc-45c7-af3e-484e536ecbba}</UniqueIdentifier>
    </Filter>
    <Filter Include="Source Files\enc">
      <UniqueIdentifier>{0fd09211-f90e-4a54-a65d-a889ef3648d5}</UniqueIdentifier>
    </Filter>
    <Filter Include="Source Files\mux">
      <UniqueIdentifier>{064964e3-3827-406c-b6ba-5ef38571793b}</UniqueIdentifier>
    </Filter>
    <Filter Include="Source Files\utils">
      <UniqueIdentifier>{b3fd83b0-bbaa-474d-9b4b-021b4da93d7f}</UniqueIdentifier>
    </Filter>
  </ItemGroup>
  <ItemGroup>
    <ClInclude Include="src\dec\alphai.h">
      <Filter>Header Files\dec</Filter>
    </ClInclude>
    <ClInclude Include="src\dec\decode_vp8.h">
      <Filter>Header Files\dec</Filter>
    </ClInclude>
    <ClInclude Include="src\dec\vp8i.h">
      <Filter>Header Files\dec</Filter>
    </ClInclude>
    <ClInclude Include="src\dec\vp8li.h">
      <Filter>Header Files\dec</Filter>
    </ClInclude>
    <ClInclude Include="src\dec\webpi.h">
      <Filter>Header Files\dec</Filter>
    </ClInclude>
    <ClInclude Include="src\dsp\yuv_tables_sse2.h">
      <Filter>Header Files\dsp</Filter>
    </ClInclude>
    <ClInclude Include="src\dsp\yuv.h">
      <Filter>Header Files\dsp</Filter>
    </ClInclude>
    <ClInclude Include="src\dsp\neon.h">
      <Filter>Header Files\dsp</Filter>
    </ClInclude>
    <ClInclude Include="src\dsp\mips_macro.h">
      <Filter>Header Files\dsp</Filter>
    </ClInclude>
    <ClInclude Include="src\dsp\lossless.h">
      <Filter>Header Files\dsp</Filter>
    </ClInclude>
    <ClInclude Include="src\dsp\dsp.h">
      <Filter>Header Files\dsp</Filter>
    </ClInclude>
    <ClInclude Include="src\enc\vp8li.h">
      <Filter>Header Files\enc</Filter>
    </ClInclude>
    <ClInclude Include="src\enc\vp8enci.h">
      <Filter>Header Files\enc</Filter>
    </ClInclude>
    <ClInclude Include="src\enc\histogram.h">
      <Filter>Header Files\enc</Filter>
    </ClInclude>
    <ClInclude Include="src\enc\cost.h">
      <Filter>Header Files\enc</Filter>
    </ClInclude>
    <ClInclude Include="src\enc\backward_references.h">
      <Filter>Header Files\enc</Filter>
    </ClInclude>
    <ClInclude Include="src\mux\muxi.h">
      <Filter>Header Files\mux</Filter>
    </ClInclude>
    <ClInclude Include="src\webp\decode.h">
      <Filter>Header Files\webp</Filter>
    </ClInclude>
    <ClInclude Include="src\webp\demux.h">
      <Filter>Header Files\webp</Filter>
    </ClInclude>
    <ClInclude Include="src\webp\encode.h">
      <Filter>Header Files\webp</Filter>
    </ClInclude>
    <ClInclude Include="src\webp\format_constants.h">
      <Filter>Header Files\webp</Filter>
    </ClInclude>
    <ClInclude Include="src\webp\mux.h">
      <Filter>Header Files\webp</Filter>
    </ClInclude>
    <ClInclude Include="src\webp\mux_types.h">
      <Filter>Header Files\webp</Filter>
    </ClInclude>
    <ClInclude Include="src\webp\types.h">
      <Filter>Header Files\webp</Filter>
    </ClInclude>
    <ClInclude Include="src\utils\utils.h">
      <Filter>Header Files\utils</Filter>
    </ClInclude>
    <ClInclude Include="src\utils\thread.h">
      <Filter>Header Files\utils</Filter>
    </ClInclude>
    <ClInclude Include="src\utils\rescaler.h">
      <Filter>Header Files\utils</Filter>
    </ClInclude>
    <ClInclude Include="src\utils\random.h">
      <Filter>Header Files\utils</Filter>
    </ClInclude>
    <ClInclude Include="src\utils\quant_levels_dec.h">
      <Filter>Header Files\utils</Filter>
    </ClInclude>
    <ClInclude Include="src\utils\quant_levels.h">
      <Filter>Header Files\utils</Filter>
    </ClInclude>
    <ClInclude Include="src\utils\huffman_encode.h">
      <Filter>Header Files\utils</Filter>
    </ClInclude>
    <ClInclude Include="src\utils\huffman.h">
      <Filter>Header Files\utils</Filter>
    </ClInclude>
    <ClInclude Include="src\utils\filters.h">
      <Filter>Header Files\utils</Filter>
    </ClInclude>
    <ClInclude Include="src\utils\endian_inl.h">
      <Filter>Header Files\utils</Filter>
    </ClInclude>
    <ClInclude Include="src\utils\color_cache.h">
      <Filter>Header Files\utils</Filter>
    </ClInclude>
    <ClInclude Include="src\utils\bit_writer.h">
      <Filter>Header Files\utils</Filter>
    </ClInclude>
    <ClInclude Include="src\utils\bit_reader_inl.h">
      <Filter>Header Files\utils</Filter>
    </ClInclude>
    <ClInclude Include="src\utils\bit_reader.h">
      <Filter>Header Files\utils</Filter>
    </ClInclude>
  </ItemGroup>
  <ItemGroup>
    <ClCompile Include="src\dec\dec.alpha.c">
      <Filter>Source Files\dec</Filter>
    </ClCompile>
    <ClCompile Include="src\dec\dec.buffer.c">
      <Filter>Source Files\dec</Filter>
    </ClCompile>
    <ClCompile Include="src\dec\dec.frame.c">
      <Filter>Source Files\dec</Filter>
    </ClCompile>
    <ClCompile Include="src\dec\dec.idec.c">
      <Filter>Source Files\dec</Filter>
    </ClCompile>
    <ClCompile Include="src\dec\dec.io.c">
      <Filter>Source Files\dec</Filter>
    </ClCompile>
    <ClCompile Include="src\dec\dec.quant.c">
      <Filter>Source Files\dec</Filter>
    </ClCompile>
    <ClCompile Include="src\dec\dec.tree.c">
      <Filter>Source Files\dec</Filter>
    </ClCompile>
    <ClCompile Include="src\dec\dec.vp8.c">
      <Filter>Source Files\dec</Filter>
    </ClCompile>
    <ClCompile Include="src\dec\dec.vp8l.c">
      <Filter>Source Files\dec</Filter>
    </ClCompile>
    <ClCompile Include="src\dec\dec.webp.c">
      <Filter>Source Files\dec</Filter>
    </ClCompile>
    <ClCompile Include="src\demux\demux.demux.c">
      <Filter>Source Files\demux</Filter>
    </ClCompile>
    <ClCompile Include="src\dsp\dsp.yuv_sse2.c">
      <Filter>Source Files\dsp</Filter>
    </ClCompile>
    <ClCompile Include="src\dsp\dsp.yuv_mips32.c">
      <Filter>Source Files\dsp</Filter>
    </ClCompile>
    <ClCompile Include="src\dsp\dsp.yuv_mips_dsp_r2.c">
      <Filter>Source Files\dsp</Filter>
    </ClCompile>
    <ClCompile Include="src\dsp\dsp.yuv.c">
      <Filter>Source Files\dsp</Filter>
    </ClCompile>
    <ClCompile Include="src\dsp\dsp.upsampling_sse2.c">
      <Filter>Source Files\dsp</Filter>
    </ClCompile>
    <ClCompile Include="src\dsp\dsp.upsampling_neon.c">
      <Filter>Source Files\dsp</Filter>
    </ClCompile>
    <ClCompile Include="src\dsp\dsp.upsampling_mips_dsp_r2.c">
      <Filter>Source Files\dsp</Filter>
    </ClCompile>
    <ClCompile Include="src\dsp\dsp.upsampling.c">
      <Filter>Source Files\dsp</Filter>
    </ClCompile>
    <ClCompile Include="src\dsp\dsp.rescaler_mips32.c">
      <Filter>Source Files\dsp</Filter>
    </ClCompile>
    <ClCompile Include="src\dsp\dsp.rescaler_mips_dsp_r2.c">
      <Filter>Source Files\dsp</Filter>
    </ClCompile>
    <ClCompile Include="src\dsp\dsp.rescaler.c">
      <Filter>Source Files\dsp</Filter>
    </ClCompile>
    <ClCompile Include="src\dsp\dsp.lossless_sse2.c">
      <Filter>Source Files\dsp</Filter>
    </ClCompile>
    <ClCompile Include="src\dsp\dsp.lossless_neon.c">
      <Filter>Source Files\dsp</Filter>
    </ClCompile>
    <ClCompile Include="src\dsp\dsp.lossless_mips32.c">
      <Filter>Source Files\dsp</Filter>
    </ClCompile>
    <ClCompile Include="src\dsp\dsp.lossless_mips_dsp_r2.c">
      <Filter>Source Files\dsp</Filter>
    </ClCompile>
    <ClCompile Include="src\dsp\dsp.lossless.c">
      <Filter>Source Files\dsp</Filter>
    </ClCompile>
    <ClCompile Include="src\dsp\dsp.filters_sse2.c">
      <Filter>Source Files\dsp</Filter>
    </ClCompile>
    <ClCompile Include="src\dsp\dsp.filters_mips_dsp_r2.c">
      <Filter>Source Files\dsp</Filter>
    </ClCompile>
    <ClCompile Include="src\dsp\dsp.filters.c">
      <Filter>Source Files\dsp</Filter>
    </ClCompile>
    <ClCompile Include="src\dsp\dsp.enc_sse2.c">
      <Filter>Source Files\dsp</Filter>
    </ClCompile>
    <ClCompile Include="src\dsp\dsp.enc_neon.c">
      <Filter>Source Files\dsp</Filter>
    </ClCompile>
    <ClCompile Include="src\dsp\dsp.enc_mips32.c">
      <Filter>Source Files\dsp</Filter>
    </ClCompile>
    <ClCompile Include="src\dsp\dsp.enc_mips_dsp_r2.c">
      <Filter>Source Files\dsp</Filter>
    </ClCompile>
    <ClCompile Include="src\dsp\dsp.enc_avx2.c">
      <Filter>Source Files\dsp</Filter>
    </ClCompile>
    <ClCompile Include="src\dsp\dsp.enc.c">
      <Filter>Source Files\dsp</Filter>
    </ClCompile>
    <ClCompile Include="src\dsp\dsp.dec_sse2.c">
      <Filter>Source Files\dsp</Filter>
    </ClCompile>
    <ClCompile Include="src\dsp\dsp.dec_neon.c">
      <Filter>Source Files\dsp</Filter>
    </ClCompile>
    <ClCompile Include="src\dsp\dsp.dec_mips32.c">
      <Filter>Source Files\dsp</Filter>
    </ClCompile>
    <ClCompile Include="src\dsp\dsp.dec_mips_dsp_r2.c">
      <Filter>Source Files\dsp</Filter>
    </ClCompile>
    <ClCompile Include="src\dsp\dsp.dec_clip_tables.c">
      <Filter>Source Files\dsp</Filter>
    </ClCompile>
    <ClCompile Include="src\dsp\dsp.dec.c">
      <Filter>Source Files\dsp</Filter>
    </ClCompile>
    <ClCompile Include="src\dsp\dsp.cpu.c">
      <Filter>Source Files\dsp</Filter>
    </ClCompile>
    <ClCompile Include="src\dsp\dsp.cost_sse2.c">
      <Filter>Source Files\dsp</Filter>
    </ClCompile>
    <ClCompile Include="src\dsp\dsp.cost_mips32.c">
      <Filter>Source Files\dsp</Filter>
    </ClCompile>
    <ClCompile Include="src\dsp\dsp.cost_mips_dsp_r2.c">
      <Filter>Source Files\dsp</Filter>
    </ClCompile>
    <ClCompile Include="src\dsp\dsp.cost.c">
      <Filter>Source Files\dsp</Filter>
    </ClCompile>
    <ClCompile Include="src\dsp\dsp.argb_sse2.c">
      <Filter>Source Files\dsp</Filter>
    </ClCompile>
    <ClCompile Include="src\dsp\dsp.argb_mips_dsp_r2.c">
      <Filter>Source Files\dsp</Filter>
    </ClCompile>
    <ClCompile Include="src\dsp\dsp.argb.c">
      <Filter>Source Files\dsp</Filter>
    </ClCompile>
    <ClCompile Include="src\dsp\dsp.alpha_processing_sse2.c">
      <Filter>Source Files\dsp</Filter>
    </ClCompile>
    <ClCompile Include="src\dsp\dsp.alpha_processing_mips_dsp_r2.c">
      <Filter>Source Files\dsp</Filter>
    </ClCompile>
    <ClCompile Include="src\dsp\dsp.alpha_processing.c">
      <Filter>Source Files\dsp</Filter>
    </ClCompile>
    <ClCompile Include="src\enc\enc.webpenc.c">
      <Filter>Source Files\enc</Filter>
    </ClCompile>
    <ClCompile Include="src\enc\enc.vp8l.c">
      <Filter>Source Files\enc</Filter>
    </ClCompile>
    <ClCompile Include="src\enc\enc.tree.c">
      <Filter>Source Files\enc</Filter>
    </ClCompile>
    <ClCompile Include="src\enc\enc.token.c">
      <Filter>Source Files\enc</Filter>
    </ClCompile>
    <ClCompile Include="src\enc\enc.syntax.c">
      <Filter>Source Files\enc</Filter>
    </ClCompile>
    <ClCompile Include="src\enc\enc.quant.c">
      <Filter>Source Files\enc</Filter>
    </ClCompile>
    <ClCompile Include="src\enc\enc.picture_tools.c">
      <Filter>Source Files\enc</Filter>
    </ClCompile>
    <ClCompile Include="src\enc\enc.picture_rescale.c">
      <Filter>Source Files\enc</Filter>
    </ClCompile>
    <ClCompile Include="src\enc\enc.picture_psnr.c">
      <Filter>Source Files\enc</Filter>
    </ClCompile>
    <ClCompile Include="src\enc\enc.picture_csp.c">
      <Filter>Source Files\enc</Filter>
    </ClCompile>
    <ClCompile Include="src\enc\enc.picture.c">
      <Filter>Source Files\enc</Filter>
    </ClCompile>
    <ClCompile Include="src\enc\enc.near_lossless.c">
      <Filter>Source Files\enc</Filter>
    </ClCompile>
    <ClCompile Include="src\enc\enc.iterator.c">
      <Filter>Source Files\enc</Filter>
    </ClCompile>
    <ClCompile Include="src\enc\enc.histogram.c">
      <Filter>Source Files\enc</Filter>
    </ClCompile>
    <ClCompile Include="src\enc\enc.frame.c">
      <Filter>Source Files\enc</Filter>
    </ClCompile>
    <ClCompile Include="src\enc\enc.filter.c">
      <Filter>Source Files\enc</Filter>
    </ClCompile>
    <ClCompile Include="src\enc\enc.cost.c">
      <Filter>Source Files\enc</Filter>
    </ClCompile>
    <ClCompile Include="src\enc\enc.config.c">
      <Filter>Source Files\enc</Filter>
    </ClCompile>
    <ClCompile Include="src\enc\enc.backward_references.c">
      <Filter>Source Files\enc</Filter>
    </ClCompile>
    <ClCompile Include="src\enc\enc.analysis.c">
      <Filter>Source Files\enc</Filter>
    </ClCompile>
    <ClCompile Include="src\enc\enc.alpha.c">
      <Filter>Source Files\enc</Filter>
    </ClCompile>
    <ClCompile Include="src\mux\mux.anim_encode.c">
      <Filter>Source Files\mux</Filter>
    </ClCompile>
    <ClCompile Include="src\mux\mux.muxedit.c">
      <Filter>Source Files\mux</Filter>
    </ClCompile>
    <ClCompile Include="src\mux\mux.muxinternal.c">
      <Filter>Source Files\mux</Filter>
    </ClCompile>
    <ClCompile Include="src\mux\mux.muxread.c">
      <Filter>Source Files\mux</Filter>
    </ClCompile>
    <ClCompile Include="src\utils\utils.utils.c">
      <Filter>Source Files\utils</Filter>
    </ClCompile>
    <ClCompile Include="src\utils\utils.thread.c">
      <Filter>Source Files\utils</Filter>
    </ClCompile>
    <ClCompile Include="src\utils\utils.rescaler.c">
      <Filter>Source Files\utils</Filter>
    </ClCompile>
    <ClCompile Include="src\utils\utils.random.c">
      <Filter>Source Files\utils</Filter>
    </ClCompile>
    <ClCompile Include="src\utils\utils.quant_levels_dec.c">
      <Filter>Source Files\utils</Filter>
    </ClCompile>
    <ClCompile Include="src\utils\utils.quant_levels.c">
      <Filter>Source Files\utils</Filter>
    </ClCompile>
    <ClCompile Include="src\utils\utils.huffman_encode.c">
      <Filter>Source Files\utils</Filter>
    </ClCompile>
    <ClCompile Include="src\utils\utils.huffman.c">
      <Filter>Source Files\utils</Filter>
    </ClCompile>
    <ClCompile Include="src\utils\utils.filters.c">
      <Filter>Source Files\utils</Filter>
    </ClCompile>
    <ClCompile Include="src\utils\utils.color_cache.c">
      <Filter>Source Files\utils</Filter>
    </ClCompile>
    <ClCompile Include="src\utils\utils.bit_writer.c">
      <Filter>Source Files\utils</Filter>
    </ClCompile>
    <ClCompile Include="src\utils\utils.bit_reader.c">
      <Filter>Source Files\utils</Filter>
    </ClCompile>
  </ItemGroup>
</Project>