<?xml version="1.0" encoding="utf-8"?>
<Project ToolsVersion="4.0" xmlns="http://schemas.microsoft.com/developer/msbuild/2003">
  <ItemGroup>
    <Filter Include="Header Files">
      <UniqueIdentifier>{5e2fdae4-d313-47b1-b0b8-9a6da1934352}</UniqueIdentifier>
    </Filter>
    <Filter Include="Source Files">
      <UniqueIdentifier>{71d50dfb-be2d-4df0-af3f-153234958df1}</UniqueIdentifier>
    </Filter>
    <Filter Include="Toolkit Files">
      <UniqueIdentifier>{3f2467d7-8766-4808-9db8-afc8d3c8aa5c}</UniqueIdentifier>
    </Filter>
    <Filter Include="Source Files\Conversion">
      <UniqueIdentifier>{96b1aa02-1d94-43f2-90c9-5f5caf3f25ef}</UniqueIdentifier>
    </Filter>
    <Filter Include="Source Files\DeprecationMgr">
      <UniqueIdentifier>{6ccefa32-fc94-4334-a87e-1dae943793fb}</UniqueIdentifier>
    </Filter>
    <Filter Include="Source Files\Metadata">
      <UniqueIdentifier>{29267ff7-8aa8-4ff5-a095-ff38c8b0f5d0}</UniqueIdentifier>
    </Filter>
    <Filter Include="Source Files\MultiPaging">
      <UniqueIdentifier>{344d4bdd-c38a-409c-9918-a88e29769003}</UniqueIdentifier>
    </Filter>
    <Filter Include="Source Files\Plugins">
      <UniqueIdentifier>{050c0307-63a4-4d8e-9d9d-b27b9c877875}</UniqueIdentifier>
    </Filter>
    <Filter Include="Source Files\Quantizers">
      <UniqueIdentifier>{d6b7264e-259b-4baf-a5b2-e26609ba7f3c}</UniqueIdentifier>
    </Filter>
  </ItemGroup>
  <ItemGroup>
    <ClInclude Include="CacheFile.h">
      <Filter>Header Files</Filter>
    </ClInclude>
    <ClInclude Include="FreeImage.h">
      <Filter>Header Files</Filter>
    </ClInclude>
    <ClInclude Include="FreeImageIO.h">
      <Filter>Header Files</Filter>
    </ClInclude>
    <ClInclude Include="MapIntrospector.h">
      <Filter>Header Files</Filter>
    </ClInclude>
    <ClInclude Include="Plugin.h">
      <Filter>Header Files</Filter>
    </ClInclude>
    <ClInclude Include="Quantizers.h">
      <Filter>Header Files</Filter>
    </ClInclude>
    <ClInclude Include="ToneMapping.h">
      <Filter>Header Files</Filter>
    </ClInclude>
    <ClInclude Include="Utilities.h">
      <Filter>Header Files</Filter>
    </ClInclude>
    <ClInclude Include="..\Dependency\Source\DeprecationManager\DeprecationMgr.h">
      <Filter>Header Files</Filter>
    </ClInclude>
    <ClInclude Include="..\Dependency\Source\FreeImage\J2KHelper.h">
      <Filter>Header Files</Filter>
    </ClInclude>
    <ClInclude Include="..\Dependency\Source\FreeImage\PSDParser.h">
      <Filter>Header Files</Filter>
    </ClInclude>
    <ClInclude Include="..\Dependency\Source\Metadata\FIRational.h">
      <Filter>Header Files</Filter>
    </ClInclude>
    <ClInclude Include="..\Dependency\Source\Metadata\FreeImageTag.h">
      <Filter>Header Files</Filter>
    </ClInclude>
    <ClInclude Include="..\Dependency\Source\FreeImageToolkit\Resize.h">
      <Filter>Toolkit Files</Filter>
    </ClInclude>
  </ItemGroup>
  <ItemGroup>
    <ClCompile Include="..\Dependency\Source\FreeImageToolkit\Background.cpp">
      <Filter>Toolkit Files</Filter>
    </ClCompile>
    <ClCompile Include="..\Dependency\Source\FreeImageToolkit\BSplineRotate.cpp">
      <Filter>Toolkit Files</Filter>
    </ClCompile>
    <ClCompile Include="..\Dependency\Source\FreeImageToolkit\Channels.cpp">
      <Filter>Toolkit Files</Filter>
    </ClCompile>
    <ClCompile Include="..\Dependency\Source\FreeImageToolkit\ClassicRotate.cpp">
      <Filter>Toolkit Files</Filter>
    </ClCompile>
    <ClCompile Include="..\Dependency\Source\FreeImageToolkit\Colors.cpp">
      <Filter>Toolkit Files</Filter>
    </ClCompile>
    <ClCompile Include="..\Dependency\Source\FreeImageToolkit\CopyPaste.cpp">
      <Filter>Toolkit Files</Filter>
    </ClCompile>
    <ClCompile Include="..\Dependency\Source\FreeImageToolkit\Display.cpp">
      <Filter>Toolkit Files</Filter>
    </ClCompile>
    <ClCompile Include="..\Dependency\Source\FreeImageToolkit\Flip.cpp">
      <Filter>Toolkit Files</Filter>
    </ClCompile>
    <ClCompile Include="..\Dependency\Source\FreeImageToolkit\JPEGTransform.cpp">
      <Filter>Toolkit Files</Filter>
    </ClCompile>
    <ClCompile Include="..\Dependency\Source\FreeImageToolkit\MultigridPoissonSolver.cpp">
      <Filter>Toolkit Files</Filter>
    </ClCompile>
    <ClCompile Include="..\Dependency\Source\FreeImageToolkit\Rescale.cpp">
      <Filter>Toolkit Files</Filter>
    </ClCompile>
    <ClCompile Include="..\Dependency\Source\FreeImageToolkit\Resize.cpp">
      <Filter>Toolkit Files</Filter>
    </ClCompile>
    <ClCompile Include="..\Dependency\Source\FreeImage\BitmapAccess.cpp">
      <Filter>Source Files</Filter>
    </ClCompile>
    <ClCompile Include="..\Dependency\Source\FreeImage\ColorLookup.cpp">
      <Filter>Source Files</Filter>
    </ClCompile>
    <ClCompile Include="..\Dependency\Source\FreeImage\FreeImage.cpp">
      <Filter>Source Files</Filter>
    </ClCompile>
    <ClCompile Include="..\Dependency\Source\FreeImage\FreeImageIO.cpp">
      <Filter>Source Files</Filter>
    </ClCompile>
    <ClCompile Include="..\Dependency\Source\FreeImage\GetType.cpp">
      <Filter>Source Files</Filter>
    </ClCompile>
    <ClCompile Include="..\Dependency\Source\FreeImage\MemoryIO.cpp">
      <Filter>Source Files</Filter>
    </ClCompile>
    <ClCompile Include="..\Dependency\Source\FreeImage\PixelAccess.cpp">
      <Filter>Source Files</Filter>
    </ClCompile>
    <ClCompile Include="..\Dependency\Source\FreeImage\Conversion.cpp">
      <Filter>Source Files\Conversion</Filter>
    </ClCompile>
    <ClCompile Include="..\Dependency\Source\FreeImage\Conversion4.cpp">
      <Filter>Source Files\Conversion</Filter>
    </ClCompile>
    <ClCompile Include="..\Dependency\Source\FreeImage\Conversion8.cpp">
      <Filter>Source Files\Conversion</Filter>
    </ClCompile>
    <ClCompile Include="..\Dependency\Source\FreeImage\Conversion16_555.cpp">
      <Filter>Source Files\Conversion</Filter>
    </ClCompile>
    <ClCompile Include="..\Dependency\Source\FreeImage\Conversion16_565.cpp">
      <Filter>Source Files\Conversion</Filter>
    </ClCompile>
    <ClCompile Include="..\Dependency\Source\FreeImage\Conversion24.cpp">
      <Filter>Source Files\Conversion</Filter>
    </ClCompile>
    <ClCompile Include="..\Dependency\Source\FreeImage\Conversion32.cpp">
      <Filter>Source Files\Conversion</Filter>
    </ClCompile>
    <ClCompile Include="..\Dependency\Source\FreeImage\ConversionFloat.cpp">
      <Filter>Source Files\Conversion</Filter>
    </ClCompile>
    <ClCompile Include="..\Dependency\Source\FreeImage\ConversionRGB16.cpp">
      <Filter>Source Files\Conversion</Filter>
    </ClCompile>
    <ClCompile Include="..\Dependency\Source\FreeImage\ConversionRGBA16.cpp">
      <Filter>Source Files\Conversion</Filter>
    </ClCompile>
    <ClCompile Include="..\Dependency\Source\FreeImage\ConversionRGBAF.cpp">
      <Filter>Source Files\Conversion</Filter>
    </ClCompile>
    <ClCompile Include="..\Dependency\Source\FreeImage\ConversionRGBF.cpp">
      <Filter>Source Files\Conversion</Filter>
    </ClCompile>
    <ClCompile Include="..\Dependency\Source\FreeImage\ConversionType.cpp">
      <Filter>Source Files\Conversion</Filter>
    </ClCompile>
    <ClCompile Include="..\Dependency\Source\FreeImage\ConversionUINT16.cpp">
      <Filter>Source Files\Conversion</Filter>
    </ClCompile>
    <ClCompile Include="..\Dependency\Source\FreeImage\Halftoning.cpp">
      <Filter>Source Files\Conversion</Filter>
    </ClCompile>
    <ClCompile Include="..\Dependency\Source\FreeImage\tmoColorConvert.cpp">
      <Filter>Source Files\Conversion</Filter>
    </ClCompile>
    <ClCompile Include="..\Dependency\Source\FreeImage\tmoDrago03.cpp">
      <Filter>Source Files\Conversion</Filter>
    </ClCompile>
    <ClCompile Include="..\Dependency\Source\FreeImage\tmoFattal02.cpp">
      <Filter>Source Files\Conversion</Filter>
    </ClCompile>
    <ClCompile Include="..\Dependency\Source\FreeImage\tmoReinhard05.cpp">
      <Filter>Source Files\Conversion</Filter>
    </ClCompile>
    <ClCompile Include="..\Dependency\Source\FreeImage\ToneMapping.cpp">
      <Filter>Source Files\Conversion</Filter>
    </ClCompile>
    <ClCompile Include="..\Dependency\Source\DeprecationManager\Deprecated.cpp">
      <Filter>Source Files\DeprecationMgr</Filter>
    </ClCompile>
    <ClCompile Include="..\Dependency\Source\DeprecationManager\DeprecationMgr.cpp">
      <Filter>Source Files\DeprecationMgr</Filter>
    </ClCompile>
    <ClCompile Include="..\Dependency\Source\Metadata\Exif.cpp">
      <Filter>Source Files\Metadata</Filter>
    </ClCompile>
    <ClCompile Include="..\Dependency\Source\Metadata\FIRational.cpp">
      <Filter>Source Files\Metadata</Filter>
    </ClCompile>
    <ClCompile Include="..\Dependency\Source\Metadata\FreeImageTag.cpp">
      <Filter>Source Files\Metadata</Filter>
    </ClCompile>
    <ClCompile Include="..\Dependency\Source\Metadata\IPTC.cpp">
      <Filter>Source Files\Metadata</Filter>
    </ClCompile>
    <ClCompile Include="..\Dependency\Source\Metadata\TagConversion.cpp">
      <Filter>Source Files\Metadata</Filter>
    </ClCompile>
    <ClCompile Include="..\Dependency\Source\Metadata\TagLib.cpp">
      <Filter>Source Files\Metadata</Filter>
    </ClCompile>
    <ClCompile Include="..\Dependency\Source\Metadata\XTIFF.cpp">
      <Filter>Source Files\Metadata</Filter>
    </ClCompile>
    <ClCompile Include="..\Dependency\Source\FreeImage\CacheFile.cpp">
      <Filter>Source Files\MultiPaging</Filter>
    </ClCompile>
    <ClCompile Include="..\Dependency\Source\FreeImage\MultiPage.cpp">
      <Filter>Source Files\MultiPaging</Filter>
    </ClCompile>
    <ClCompile Include="..\Dependency\Source\FreeImage\ZLibInterface.cpp">
      <Filter>Source Files\MultiPaging</Filter>
    </ClCompile>
    <ClCompile Include="..\Dependency\Source\FreeImage\J2KHelper.cpp">
      <Filter>Source Files\Plugins</Filter>
    </ClCompile>
    <ClCompile Include="..\Dependency\Source\FreeImage\MNGHelper.cpp">
      <Filter>Source Files\Plugins</Filter>
    </ClCompile>
    <ClCompile Include="..\Dependency\Source\FreeImage\Plugin.cpp">
      <Filter>Source Files\Plugins</Filter>
    </ClCompile>
    <ClCompile Include="..\Dependency\Source\FreeImage\PluginBMP.cpp">
      <Filter>Source Files\Plugins</Filter>
    </ClCompile>
    <ClCompile Include="..\Dependency\Source\FreeImage\PluginCUT.cpp">
      <Filter>Source Files\Plugins</Filter>
    </ClCompile>
    <ClCompile Include="..\Dependency\Source\FreeImage\PluginDDS.cpp">
      <Filter>Source Files\Plugins</Filter>
    </ClCompile>
    <ClCompile Include="..\Dependency\Source\FreeImage\PluginEXR.cpp">
      <Filter>Source Files\Plugins</Filter>
    </ClCompile>
    <ClCompile Include="..\Dependency\Source\FreeImage\PluginG3.cpp">
      <Filter>Source Files\Plugins</Filter>
    </ClCompile>
    <ClCompile Include="..\Dependency\Source\FreeImage\PluginGIF.cpp">
      <Filter>Source Files\Plugins</Filter>
    </ClCompile>
    <ClCompile Include="..\Dependency\Source\FreeImage\PluginHDR.cpp">
      <Filter>Source Files\Plugins</Filter>
    </ClCompile>
    <ClCompile Include="..\Dependency\Source\FreeImage\PluginICO.cpp">
      <Filter>Source Files\Plugins</Filter>
    </ClCompile>
    <ClCompile Include="..\Dependency\Source\FreeImage\PluginIFF.cpp">
      <Filter>Source Files\Plugins</Filter>
    </ClCompile>
    <ClCompile Include="..\Dependency\Source\FreeImage\PluginJ2K.cpp">
      <Filter>Source Files\Plugins</Filter>
    </ClCompile>
    <ClCompile Include="..\Dependency\Source\FreeImage\PluginJNG.cpp">
      <Filter>Source Files\Plugins</Filter>
    </ClCompile>
    <ClCompile Include="..\Dependency\Source\FreeImage\PluginJP2.cpp">
      <Filter>Source Files\Plugins</Filter>
    </ClCompile>
    <ClCompile Include="..\Dependency\Source\FreeImage\PluginJPEG.cpp">
      <Filter>Source Files\Plugins</Filter>
    </ClCompile>
    <ClCompile Include="..\Dependency\Source\FreeImage\PluginJXR.cpp">
      <Filter>Source Files\Plugins</Filter>
    </ClCompile>
    <ClCompile Include="..\Dependency\Source\FreeImage\PluginKOALA.cpp">
      <Filter>Source Files\Plugins</Filter>
    </ClCompile>
    <ClCompile Include="..\Dependency\Source\FreeImage\PluginMNG.cpp">
      <Filter>Source Files\Plugins</Filter>
    </ClCompile>
    <ClCompile Include="..\Dependency\Source\FreeImage\PluginPCD.cpp">
      <Filter>Source Files\Plugins</Filter>
    </ClCompile>
    <ClCompile Include="..\Dependency\Source\FreeImage\PluginPCX.cpp">
      <Filter>Source Files\Plugins</Filter>
    </ClCompile>
    <ClCompile Include="..\Dependency\Source\FreeImage\PluginPFM.cpp">
      <Filter>Source Files\Plugins</Filter>
    </ClCompile>
    <ClCompile Include="..\Dependency\Source\FreeImage\PluginPICT.cpp">
      <Filter>Source Files\Plugins</Filter>
    </ClCompile>
    <ClCompile Include="..\Dependency\Source\FreeImage\PluginPNG.cpp">
      <Filter>Source Files\Plugins</Filter>
    </ClCompile>
    <ClCompile Include="..\Dependency\Source\FreeImage\PluginPNM.cpp">
      <Filter>Source Files\Plugins</Filter>
    </ClCompile>
    <ClCompile Include="..\Dependency\Source\FreeImage\PluginPSD.cpp">
      <Filter>Source Files\Plugins</Filter>
    </ClCompile>
    <ClCompile Include="..\Dependency\Source\FreeImage\PluginRAS.cpp">
      <Filter>Source Files\Plugins</Filter>
    </ClCompile>
    <ClCompile Include="..\Dependency\Source\FreeImage\PluginRAW.cpp">
      <Filter>Source Files\Plugins</Filter>
    </ClCompile>
    <ClCompile Include="..\Dependency\Source\FreeImage\PluginSGI.cpp">
      <Filter>Source Files\Plugins</Filter>
    </ClCompile>
    <ClCompile Include="..\Dependency\Source\FreeImage\PluginTARGA.cpp">
      <Filter>Source Files\Plugins</Filter>
    </ClCompile>
    <ClCompile Include="..\Dependency\Source\FreeImage\PluginTIFF.cpp">
      <Filter>Source Files\Plugins</Filter>
    </ClCompile>
    <ClCompile Include="..\Dependency\Source\FreeImage\PluginWBMP.cpp">
      <Filter>Source Files\Plugins</Filter>
    </ClCompile>
    <ClCompile Include="..\Dependency\Source\FreeImage\PluginWebP.cpp">
      <Filter>Source Files\Plugins</Filter>
    </ClCompile>
    <ClCompile Include="..\Dependency\Source\FreeImage\PluginXBM.cpp">
      <Filter>Source Files\Plugins</Filter>
    </ClCompile>
    <ClCompile Include="..\Dependency\Source\FreeImage\PluginXPM.cpp">
      <Filter>Source Files\Plugins</Filter>
    </ClCompile>
    <ClCompile Include="..\Dependency\Source\FreeImage\PSDParser.cpp">
      <Filter>Source Files\Plugins</Filter>
    </ClCompile>
    <ClCompile Include="..\Dependency\Source\FreeImage\TIFFLogLuv.cpp">
      <Filter>Source Files\Plugins</Filter>
    </ClCompile>
    <ClCompile Include="..\Dependency\Source\FreeImage\WuQuantizer.cpp">
      <Filter>Source Files\Quantizers</Filter>
    </ClCompile>
    <ClCompile Include="..\Dependency\Source\FreeImage\NNQuantizer.cpp">
      <Filter>Source Files\Quantizers</Filter>
    </ClCompile>
    <ClCompile Include="..\Dependency\Source\FreeImage\LFPQuantizer.cpp">
      <Filter>Source Files\Quantizers</Filter>
    </ClCompile>
    <ClCompile Include="..\Dependency\Source\FreeImage\FreeImageC.c">
      <Filter>Source Files</Filter>
    </ClCompile>
  </ItemGroup>
  <ItemGroup>
    <ResourceCompile Include="FreeImage.rc">
      <Filter>Source Files</Filter>
    </ResourceCompile>
  </ItemGroup>
</Project>